{
    "captcha-com/captcha": {
        "version": "4.2.5"
    },
    "captcha-com/symfony-captcha-bundle": {
        "version": "4.2.12"
    },
    "composer/package-versions-deprecated": {
        "version": "1.11.99.1"
    },
    "doctrine/annotations": {
        "version": "1.0",
        "recipe": {
            "repo": "github.com/symfony/recipes",
            "branch": "master",
            "version": "1.0",
            "ref": "a2759dd6123694c8d901d0ec80006e044c2e6457"
        },
        "files": [
            "./config/routes/annotations.yaml"
        ]
    },
    "doctrine/cache": {
        "version": "1.10.2"
    },
    "doctrine/collections": {
        "version": "1.6.7"
    },
    "doctrine/common": {
        "version": "3.1.2"
    },
    "doctrine/dbal": {
        "version": "2.13.0"
    },
    "doctrine/deprecations": {
        "version": "v0.5.3"
    },
    "doctrine/doctrine-bundle": {
        "version": "2.3",
        "recipe": {
            "repo": "github.com/symfony/recipes",
            "branch": "master",
            "version": "2.3",
            "ref": "9777bf185961283a450b6237281132935025fe04"
        },
        "files": [
            "./config/packages/doctrine.yaml",
            "./config/packages/prod/doctrine.yaml",
            "./config/packages/test/doctrine.yaml",
            "./src/Entity/.gitignore",
            "./src/Repository/.gitignore"
        ]
    },
    "doctrine/doctrine-migrations-bundle": {
        "version": "3.1",
        "recipe": {
            "repo": "github.com/symfony/recipes",
            "branch": "master",
            "version": "3.1",
            "ref": "ee609429c9ee23e22d6fa5728211768f51ed2818"
        },
        "files": [
            "./config/packages/doctrine_migrations.yaml",
            "./migrations/.gitignore"
        ]
    },
    "doctrine/event-manager": {
        "version": "1.1.1"
    },
    "doctrine/inflector": {
        "version": "2.0.3"
    },
    "doctrine/instantiator": {
        "version": "1.4.0"
    },
    "doctrine/lexer": {
        "version": "1.2.1"
    },
    "doctrine/migrations": {
        "version": "3.1.1"
    },
    "doctrine/orm": {
        "version": "2.8.4"
    },
    "doctrine/persistence": {
        "version": "2.1.0"
    },
    "doctrine/sql-formatter": {
        "version": "1.1.1"
    },
    "dompdf/dompdf": {
        "version": "v1.0.2"
    },
    "egulias/email-validator": {
        "version": "3.1.1"
    },
    "friendsofphp/proxy-manager-lts": {
        "version": "v1.0.3"
    },
    "guzzlehttp/guzzle": {
        "version": "7.3.0"
    },
    "guzzlehttp/promises": {
        "version": "1.4.1"
    },
    "guzzlehttp/psr7": {
        "version": "1.8.1"
    },
    "knplabs/knp-components": {
        "version": "v3.0.2"
    },
    "knplabs/knp-paginator-bundle": {
        "version": "v5.4.2"
    },
    "laminas/laminas-code": {
        "version": "4.1.0"
    },
    "laminas/laminas-diactoros": {
        "version": "2.5.1"
    },
    "laminas/laminas-eventmanager": {
        "version": "3.3.1"
    },
    "laminas/laminas-zendframework-bridge": {
        "version": "1.2.0"
    },
    "lcobucci/clock": {
        "version": "2.0.0"
    },
    "lcobucci/jwt": {
        "version": "4.0.3"
    },
    "monolog/monolog": {
        "version": "1.26.0"
    },
    "nikic/php-parser": {
        "version": "v4.10.4"
    },
    "phenx/php-font-lib": {
        "version": "0.5.2"
    },
    "phenx/php-svg-lib": {
        "version": "v0.3.3"
    },
    "phpdocumentor/reflection-common": {
        "version": "2.2.0"
    },
    "phpdocumentor/reflection-docblock": {
        "version": "5.2.2"
    },
    "phpdocumentor/type-resolver": {
        "version": "1.4.0"
    },
    "psr/cache": {
        "version": "1.0.1"
    },
    "psr/container": {
        "version": "1.1.1"
    },
    "psr/http-client": {
        "version": "1.0.1"
    },
    "psr/http-factory": {
        "version": "1.0.1"
    },
    "psr/http-message": {
        "version": "1.0.1"
    },
    "psr/link": {
        "version": "1.0.0"
    },
    "psr/log": {
        "version": "1.1.3"
    },
    "ralouphie/getallheaders": {
        "version": "3.0.3"
    },
    "sabberworm/php-css-parser": {
        "version": "8.3.1"
    },
    "sensio/framework-extra-bundle": {
        "version": "5.2",
        "recipe": {
            "repo": "github.com/symfony/recipes",
            "branch": "master",
            "version": "5.2",
            "ref": "fb7e19da7f013d0d422fa9bce16f5c510e27609b"
        },
        "files": [
            "./config/packages/sensio_framework_extra.yaml"
        ]
    },
    "symfony/asset": {
        "version": "v4.4.20"
    },
    "symfony/browser-kit": {
        "version": "v4.4.20"
    },
    "symfony/cache": {
        "version": "v4.4.21"
    },
    "symfony/cache-contracts": {
        "version": "v2.2.0"
    },
    "symfony/config": {
        "version": "v4.4.20"
    },
    "symfony/console": {
        "version": "4.4",
        "recipe": {
            "repo": "github.com/symfony/recipes",
            "branch": "master",
            "version": "4.4",
            "ref": "ea8c0eda34fda57e7d5cd8cbd889e2a387e3472c"
        },
        "files": [
            "./bin/console",
            "./config/bootstrap.php"
        ]
    },
    "symfony/css-selector": {
        "version": "v4.4.20"
    },
    "symfony/debug": {
        "version": "v4.4.20"
    },
    "symfony/debug-bundle": {
        "version": "4.1",
        "recipe": {
            "repo": "github.com/symfony/recipes",
            "branch": "master",
            "version": "4.1",
            "ref": "f8863cbad2f2e58c4b65fa1eac892ab189971bea"
        },
        "files": [
            "./config/packages/dev/debug.yaml"
        ]
    },
    "symfony/debug-pack": {
        "version": "v1.0.9"
    },
    "symfony/dependency-injection": {
        "version": "v4.4.21"
    },
    "symfony/deprecation-contracts": {
        "version": "v2.2.0"
    },
    "symfony/doctrine-bridge": {
        "version": "v4.4.21"
    },
    "symfony/dom-crawler": {
        "version": "v4.4.20"
    },
    "symfony/dotenv": {
        "version": "v4.4.20"
    },
    "symfony/error-handler": {
        "version": "v4.4.21"
    },
    "symfony/event-dispatcher": {
        "version": "v4.4.20"
    },
    "symfony/event-dispatcher-contracts": {
        "version": "v1.1.9"
    },
    "symfony/expression-language": {
        "version": "v4.4.20"
    },
    "symfony/filesystem": {
        "version": "v4.4.21"
    },
    "symfony/finder": {
        "version": "v4.4.20"
    },
    "symfony/flex": {
        "version": "1.0",
        "recipe": {
            "repo": "github.com/symfony/recipes",
            "branch": "master",
            "version": "1.0",
            "ref": "c0eeb50665f0f77226616b6038a9b06c03752d8e"
        },
        "files": [
            "./.env"
        ]
    },
    "symfony/form": {
        "version": "v4.4.21"
    },
    "symfony/framework-bundle": {
        "version": "4.4",
        "recipe": {
            "repo": "github.com/symfony/recipes",
            "branch": "master",
            "version": "4.4",
            "ref": "df1f2fe60b8fbb5cf7e26a7af19445c128a13b90"
        },
        "files": [
            "./config/bootstrap.php",
            "./config/packages/cache.yaml",
            "./config/packages/framework.yaml",
            "./config/packages/test/framework.yaml",
            "./config/preload.php",
            "./config/routes/dev/framework.yaml",
            "./config/services.yaml",
            "./public/index.php",
            "./src/Controller/.gitignore",
            "./src/Kernel.php"
        ]
    "bacon/bacon-qr-code": {
        "version": "2.0.3"
    },
    "behat/transliterator": {
        "version": "v1.3.0"
    },
    "brick/math": {
        "version": "0.9.2"
    },
    "captcha-com/captcha": {
        "version": "4.2.5"
    },
    "captcha-com/symfony-captcha-bundle": {
        "version": "4.2.12"
    },
    "dasprid/enum": {
        "version": "1.0.3"
    },
    "dompdf/dompdf": {
        "version": "v1.0.2"
    },
    "endroid/installer": {
        "version": "1.3.3"
    },
    "endroid/qr-code": {
        "version": "4.1.2"
    },
    "endroid/qr-code-bundle": {
        "version": "4.0.2"
    },
    "gedmo/doctrine-extensions": {
        "version": "v3.0.5"
    },
    "google/recaptcha": {
        "version": "1.1",
        "recipe": {
            "repo": "github.com/symfony/recipes-contrib",
            "branch": "master",
            "version": "1.1",
            "ref": "d087df3e087f50da3955f2def05079380da5894b"
        },
        "files": [
            "./config/packages/google_recaptcha.yaml"
        ]
    },
    "phenx/php-font-lib": {
        "version": "0.5.2"
    },
    "phenx/php-svg-lib": {
        "version": "v0.3.3"
    },
    "ramsey/collection": {
        "version": "1.1.3"
    },
    "ramsey/uuid": {
        "version": "4.1.1"
    },
    "sabberworm/php-css-parser": {
        "version": "8.3.1"
    },
    "stof/doctrine-extensions-bundle": {
        "version": "1.2",
        "recipe": {
            "repo": "github.com/symfony/recipes-contrib",
            "branch": "master",
            "version": "1.2",
            "ref": "6c1ceb662f8997085f739cd089bfbef67f245983"
        },
        "files": [
            "./config/packages/stof_doctrine_extensions.yaml"
        ]
    },
    "swiftmailer/swiftmailer": {
        "version": "v6.2.7"
    },
    "symfony/swiftmailer-bundle": {
        "version": "2.5",
        "recipe": {
            "repo": "github.com/symfony/recipes",
            "branch": "master",
            "version": "2.5",
            "ref": "ae4d22af30bbd484506bc1817c5a3ef72c855b93"
        },
        "files": [
            "./config/packages/dev/swiftmailer.yaml",
            "./config/packages/swiftmailer.yaml",
            "./config/packages/test/swiftmailer.yaml"
        ]
    },
    "symfony/web-server-bundle": {
        "version": "3.3",
        "recipe": {
            "repo": "github.com/symfony/recipes",
            "branch": "master",
            "version": "3.3",
            "ref": "dae9b39fd6717970be7601101ce5aa960bf53d9a"
        }
    },
    "symfony/yaml": {
        "version": "v4.4.21"
    },
    "twig/extra-bundle": {
        "version": "v3.3.0"
    },
    "twig/twig": {
        "version": "v3.3.0"
    },
    "vonage/client": {
        "version": "2.4.0"
    },
    "vonage/client-core": {
        "version": "2.8.1"
    },
    "vonage/nexmo-bridge": {
        "version": "0.1.0"
    },
    "webmozart/assert": {
        "version": "1.10.0"
    }
}
